
Microsoft Visual Studio Solution File, Format Version 12.00
# Visual Studio Version 16
VisualStudioVersion = 16.0.28803.156
MinimumVisualStudioVersion = 10.0.40219.1
Project("{FAE04EC0-301F-11D3-BF4B-00C04F79EFBC}") = "guessnum", "guessnum\guessnum.csproj", "{209D11C6-EF83-4590-B9EA-4C7A0EFE7E5A}"
EndProject
Global
	GlobalSection(SolutionConfigurationPlatforms) = preSolution
		Debug|Any CPU = Debug|Any CPU
		Release|Any CPU = Release|Any CPU
	EndGlobalSection
	GlobalSection(ProjectConfigurationPlatforms) = postSolution
		{209D11C6-EF83-4590-B9EA-4C7A0EFE7E5A}.Debug|Any CPU.ActiveCfg = Debug|Any CPU
		{209D11C6-EF83-4590-B9EA-4C7A0EFE7E5A}.Debug|Any CPU.Build.0 = Debug|Any CPU
		{209D11C6-EF83-4590-B9EA-4C7A0EFE7E5A}.Release|Any CPU.ActiveCfg = Release|Any CPU
		{209D11C6-EF83-4590-B9EA-4C7A0EFE7E5A}.Release|Any CPU.Build.0 = Release|Any CPU
	EndGlobalSection
	GlobalSection(SolutionProperties) = preSolution
		HideSolutionNode = FALSE
	EndGlobalSection
	GlobalSection(ExtensibilityGlobals) = postSolution
		SolutionGuid = {6524A203-8834-4F12-BECA-599A4821BB79}
	EndGlobalSection
EndGlobal
